
Microsoft Visual Studio Solution File, Format Version 12.00
# Visual Studio 14
VisualStudioVersion = 14.0.23107.0
MinimumVisualStudioVersion = 10.0.40219.1
Project("{FAE04EC0-301F-11D3-BF4B-00C04F79EFBC}") = "ipref gui for muliti server testing", "ipref gui for muliti server testing\ipref gui for muliti server testing.csproj", "{D7870EB3-C540-4B7B-943D-538F9D393D51}"
EndProject
Global
	GlobalSection(SolutionConfigurationPlatforms) = preSolution
		Debug|Any CPU = Debug|Any CPU
		Release|Any CPU = Release|Any CPU
	EndGlobalSection
	GlobalSection(ProjectConfigurationPlatforms) = postSolution
		{D7870EB3-C540-4B7B-943D-538F9D393D51}.Debug|Any CPU.ActiveCfg = Debug|Any CPU
		{D7870EB3-C540-4B7B-943D-538F9D393D51}.Debug|Any CPU.Build.0 = Debug|Any CPU
		{D7870EB3-C540-4B7B-943D-538F9D393D51}.Release|Any CPU.ActiveCfg = Release|Any CPU
		{D7870EB3-C540-4B7B-943D-538F9D393D51}.Release|Any CPU.Build.0 = Release|Any CPU
	EndGlobalSection
	GlobalSection(SolutionProperties) = preSolution
		HideSolutionNode = FALSE
	EndGlobalSection
EndGlobal
